{
  "name": "styledbtnx",
  "version": "1.0.0",
  "lockfileVersion": 3,
  "requires": true,
  "packages": {
    "": {
      "name": "styledbtnx",
      "version": "1.0.0",
      "license": "ISC",
      "dependencies": {
        "styledbtnx": "^1.0.0"
      }
    },
    "node_modules/styledbtnx": {
      "version": "1.0.0",
      "resolved": "https://registry.npmjs.org/styledbtnx/-/styledbtnx-1.0.0.tgz",
      "integrity": "sha512-OEQwSVSYAlGO/3YRLtao3GVbC2FlbIIdDZ5070WSZMBB9suN9+WdoInuEtFVb8TghozvYG0EhMXL0KAT/v5VWw=="
    }
  }
}
